
Microsoft Visual Studio Solution File, Format Version 12.00
# Visual Studio Version 17
VisualStudioVersion = 17.14.36109.1 d17.14
MinimumVisualStudioVersion = 10.0.40219.1
Project("{FAE04EC0-301F-11D3-BF4B-00C04F79EFBC}") = "Assignment", "Assignment\Assignment.csproj", "{986F5AD3-3E80-43B3-B3DE-5668B1AFAE95}"
EndProject
Global
	GlobalSection(SolutionConfigurationPlatforms) = preSolution
		Debug|Any CPU = Debug|Any CPU
		Release|Any CPU = Release|Any CPU
	EndGlobalSection
	GlobalSection(ProjectConfigurationPlatforms) = postSolution
		{986F5AD3-3E80-43B3-B3DE-5668B1AFAE95}.Debug|Any CPU.ActiveCfg = Debug|Any CPU
		{986F5AD3-3E80-43B3-B3DE-5668B1AFAE95}.Debug|Any CPU.Build.0 = Debug|Any CPU
		{986F5AD3-3E80-43B3-B3DE-5668B1AFAE95}.Release|Any CPU.ActiveCfg = Release|Any CPU
		{986F5AD3-3E80-43B3-B3DE-5668B1AFAE95}.Release|Any CPU.Build.0 = Release|Any CPU
	EndGlobalSection
	GlobalSection(SolutionProperties) = preSolution
		HideSolutionNode = FALSE
	EndGlobalSection
	GlobalSection(ExtensibilityGlobals) = postSolution
		SolutionGuid = {782BF408-A244-4281-A0D6-2AF7120B3E1C}
	EndGlobalSection
EndGlobal
